
Microsoft Visual Studio Solution File, Format Version 12.00
# Visual Studio 2012
Project("{FAE04EC0-301F-11D3-BF4B-00C04F79EFBC}") = "Bankomat_Okienkowy", "Bankomat_Okienkowy\Bankomat_Okienkowy.csproj", "{849E02D1-75A6-48E5-B0D9-6D163397CC09}"
EndProject
Global
	GlobalSection(SolutionConfigurationPlatforms) = preSolution
		Debug|Any CPU = Debug|Any CPU
		Release|Any CPU = Release|Any CPU
	EndGlobalSection
	GlobalSection(ProjectConfigurationPlatforms) = postSolution
		{849E02D1-75A6-48E5-B0D9-6D163397CC09}.Debug|Any CPU.ActiveCfg = Debug|Any CPU
		{849E02D1-75A6-48E5-B0D9-6D163397CC09}.Debug|Any CPU.Build.0 = Debug|Any CPU
		{849E02D1-75A6-48E5-B0D9-6D163397CC09}.Release|Any CPU.ActiveCfg = Release|Any CPU
		{849E02D1-75A6-48E5-B0D9-6D163397CC09}.Release|Any CPU.Build.0 = Release|Any CPU
	EndGlobalSection
	GlobalSection(SolutionProperties) = preSolution
		HideSolutionNode = FALSE
	EndGlobalSection
EndGlobal
